// !$*UTF8*$!
{
	archiveVersion = 1;
	classes = {
	};
	objectVersion = 48;
	objects = {

/* Begin PBXBuildFile section */
		48D900502073EE70008F5CE1 /* AppDelegate.swift in Sources */ = {isa = PBXBuildFile; fileRef = 48D9004F2073EE70008F5CE1 /* AppDelegate.swift */; };
		48D900522073EE70008F5CE1 /* ViewController.swift in Sources */ = {isa = PBXBuildFile; fileRef = 48D900512073EE70008F5CE1 /* ViewController.swift */; };
		48D900552073EE70008F5CE1 /* Main.storyboard in Resources */ = {isa = PBXBuildFile; fileRef = 48D900532073EE70008F5CE1 /* Main.storyboard */; };
		48D900572073EE70008F5CE1 /* Assets.xcassets in Resources */ = {isa = PBXBuildFile; fileRef = 48D900562073EE70008F5CE1 /* Assets.xcassets */; };
		48D9005A2073EE70008F5CE1 /* LaunchScreen.storyboard in Resources */ = {isa = PBXBuildFile; fileRef = 48D900582073EE70008F5CE1 /* LaunchScreen.storyboard */; };
		48D900652073EE71008F5CE1 /* ReachTests.swift in Sources */ = {isa = PBXBuildFile; fileRef = 48D900642073EE71008F5CE1 /* ReachTests.swift */; };
		48D900702073EE71008F5CE1 /* ReachUITests.swift in Sources */ = {isa = PBXBuildFile; fileRef = 48D9006F2073EE71008F5CE1 /* ReachUITests.swift */; };
		48D9008C2073F1AC008F5CE1 /* GameScene0.swift in Sources */ = {isa = PBXBuildFile; fileRef = 48D9008B2073F1AC008F5CE1 /* GameScene0.swift */; };
		48D9008E2073F1B2008F5CE1 /* SpaceView.swift in Sources */ = {isa = PBXBuildFile; fileRef = 48D9008D2073F1B2008F5CE1 /* SpaceView.swift */; };
		48D900902073F20F008F5CE1 /* GameScene1.swift in Sources */ = {isa = PBXBuildFile; fileRef = 48D9008F2073F20F008F5CE1 /* GameScene1.swift */; };
		48D900922073F218008F5CE1 /* YouWonScene1.swift in Sources */ = {isa = PBXBuildFile; fileRef = 48D900912073F218008F5CE1 /* YouWonScene1.swift */; };
		48D900952073F22F008F5CE1 /* YouWonScene2.swift in Sources */ = {isa = PBXBuildFile; fileRef = 48D900932073F22F008F5CE1 /* YouWonScene2.swift */; };
		48D900962073F22F008F5CE1 /* GameScene2.swift in Sources */ = {isa = PBXBuildFile; fileRef = 48D900942073F22F008F5CE1 /* GameScene2.swift */; };
		48D900992073F25F008F5CE1 /* YouWonScene3.swift in Sources */ = {isa = PBXBuildFile; fileRef = 48D900972073F25F008F5CE1 /* YouWonScene3.swift */; };
		48D9009A2073F25F008F5CE1 /* GameScene3.swift in Sources */ = {isa = PBXBuildFile; fileRef = 48D900982073F25F008F5CE1 /* GameScene3.swift */; };
		48D9009D2073F277008F5CE1 /* GameScene4.swift in Sources */ = {isa = PBXBuildFile; fileRef = 48D9009B2073F277008F5CE1 /* GameScene4.swift */; };
		48D9009E2073F277008F5CE1 /* YouWonScene4.swift in Sources */ = {isa = PBXBuildFile; fileRef = 48D9009C2073F277008F5CE1 /* YouWonScene4.swift */; };
		48D900A12073F29C008F5CE1 /* YouWonScene5.swift in Sources */ = {isa = PBXBuildFile; fileRef = 48D9009F2073F29C008F5CE1 /* YouWonScene5.swift */; };
		48D900A22073F29C008F5CE1 /* GameSceneB1.swift in Sources */ = {isa = PBXBuildFile; fileRef = 48D900A02073F29C008F5CE1 /* GameSceneB1.swift */; };
		48D900A52073F2B9008F5CE1 /* GameSceneB4.swift in Sources */ = {isa = PBXBuildFile; fileRef = 48D900A32073F2B8008F5CE1 /* GameSceneB4.swift */; };
		48D900A62073F2B9008F5CE1 /* YouWonScene6.swift in Sources */ = {isa = PBXBuildFile; fileRef = 48D900A42073F2B8008F5CE1 /* YouWonScene6.swift */; };
		48D900AA2073F367008F5CE1 /* GameScene.swift in Sources */ = {isa = PBXBuildFile; fileRef = 48D900A72073F366008F5CE1 /* GameScene.swift */; };
		48D900AB2073F367008F5CE1 /* YouWonScene.swift in Sources */ = {isa = PBXBuildFile; fileRef = 48D900A82073F366008F5CE1 /* YouWonScene.swift */; };
		48D900AC2073F367008F5CE1 /* Button.swift in Sources */ = {isa = PBXBuildFile; fileRef = 48D900A92073F366008F5CE1 /* Button.swift */; };
		48D900AF2073F3A5008F5CE1 /* PhysicsCategories.swift in Sources */ = {isa = PBXBuildFile; fileRef = 48D900AD2073F3A5008F5CE1 /* PhysicsCategories.swift */; };
		48D900B02073F3A5008F5CE1 /* VectorFunctions.swift in Sources */ = {isa = PBXBuildFile; fileRef = 48D900AE2073F3A5008F5CE1 /* VectorFunctions.swift */; };
		48DBE1EA207402410096E1DF /* Actions.sks in Resources */ = {isa = PBXBuildFile; fileRef = 48DBE1DF207402400096E1DF /* Actions.sks */; };
		48DBE1EB207402410096E1DF /* Rocket in Resources */ = {isa = PBXBuildFile; fileRef = 48DBE1E0207402400096E1DF /* Rocket */; };
		48DBE1EC207402410096E1DF /* Button in Resources */ = {isa = PBXBuildFile; fileRef = 48DBE1E1207402400096E1DF /* Button */; };
		48DBE1ED207402410096E1DF /* GameScene.sks in Resources */ = {isa = PBXBuildFile; fileRef = 48DBE1E2207402400096E1DF /* GameScene.sks */; };
		48DBE1EE207402410096E1DF /* Particles in Resources */ = {isa = PBXBuildFile; fileRef = 48DBE1E3207402400096E1DF /* Particles */; };
		48DBE1EF207402410096E1DF /* spark.png in Resources */ = {isa = PBXBuildFile; fileRef = 48DBE1E4207402400096E1DF /* spark.png */; };
		48DBE1F0207402410096E1DF /* Intro in Resources */ = {isa = PBXBuildFile; fileRef = 48DBE1E5207402410096E1DF /* Intro */; };
		48DBE1F1207402410096E1DF /* Star in Resources */ = {isa = PBXBuildFile; fileRef = 48DBE1E6207402410096E1DF /* Star */; };
		48DBE1F2207402410096E1DF /* StarCounter in Resources */ = {isa = PBXBuildFile; fileRef = 48DBE1E7207402410096E1DF /* StarCounter */; };
		48DBE1F3207402410096E1DF /* Planets in Resources */ = {isa = PBXBuildFile; fileRef = 48DBE1E8207402410096E1DF /* Planets */; };
		48DBE1F4207402410096E1DF /* Sounds in Resources */ = {isa = PBXBuildFile; fileRef = 48DBE1E9207402410096E1DF /* Sounds */; };
		9A27A07020B2E95300918AB6 /* GameSceneC.swift in Sources */ = {isa = PBXBuildFile; fileRef = 9A27A06F20B2E95300918AB6 /* GameSceneC.swift */; };
		9A27A07220B2EA8B00918AB6 /* GameSceneC1.swift in Sources */ = {isa = PBXBuildFile; fileRef = 9A27A07120B2EA8B00918AB6 /* GameSceneC1.swift */; };
		9A27A07520B2EAA600918AB6 /* YouWonSceneC1.swift in Sources */ = {isa = PBXBuildFile; fileRef = 9A27A07420B2EAA600918AB6 /* YouWonSceneC1.swift */; };
		9A2CC20920B107E2003E7263 /* RunButton.swift in Sources */ = {isa = PBXBuildFile; fileRef = 9A2CC20820B107E2003E7263 /* RunButton.swift */; };
		9A2CC20D20B1095F003E7263 /* Menu.swift in Sources */ = {isa = PBXBuildFile; fileRef = 9A2CC20C20B1095F003E7263 /* Menu.swift */; };
		9A2CC20F20B119D2003E7263 /* GravityRun.swift in Sources */ = {isa = PBXBuildFile; fileRef = 9A2CC20E20B119D2003E7263 /* GravityRun.swift */; };
		9A2CC21120B11C2A003E7263 /* AntigravityRun.swift in Sources */ = {isa = PBXBuildFile; fileRef = 9A2CC21020B11C2A003E7263 /* AntigravityRun.swift */; };
		9A2CC21320B11C51003E7263 /* OrbitRun.swift in Sources */ = {isa = PBXBuildFile; fileRef = 9A2CC21220B11C51003E7263 /* OrbitRun.swift */; };
		9AB4D02020B3359D00F0587A /* GameSceneC2.swift in Sources */ = {isa = PBXBuildFile; fileRef = 9AB4D01F20B3359D00F0587A /* GameSceneC2.swift */; };
		9AB4D02220B335AD00F0587A /* YouWonSceneC2.swift in Sources */ = {isa = PBXBuildFile; fileRef = 9AB4D02120B335AD00F0587A /* YouWonSceneC2.swift */; };
		9AB4D02420B335C300F0587A /* GameSceneC3.swift in Sources */ = {isa = PBXBuildFile; fileRef = 9AB4D02320B335C300F0587A /* GameSceneC3.swift */; };
		9AB4D02620B335CF00F0587A /* YouWonSceneC3.swift in Sources */ = {isa = PBXBuildFile; fileRef = 9AB4D02520B335CF00F0587A /* YouWonSceneC3.swift */; };
		9AB4D02820B335E400F0587A /* GameSceneC4.swift in Sources */ = {isa = PBXBuildFile; fileRef = 9AB4D02720B335E400F0587A /* GameSceneC4.swift */; };
		9AB4D02A20B335F200F0587A /* YouWonSceneC4.swift in Sources */ = {isa = PBXBuildFile; fileRef = 9AB4D02920B335F200F0587A /* YouWonSceneC4.swift */; };
		9AB4D02C20B3360100F0587A /* GameSceneC5.swift in Sources */ = {isa = PBXBuildFile; fileRef = 9AB4D02B20B3360100F0587A /* GameSceneC5.swift */; };
		9AB4D02E20B3361700F0587A /* YouWonSceneC5.swift in Sources */ = {isa = PBXBuildFile; fileRef = 9AB4D02D20B3361700F0587A /* YouWonSceneC5.swift */; };
		9AB4D03020B3362400F0587A /* GameSceneC6.swift in Sources */ = {isa = PBXBuildFile; fileRef = 9AB4D02F20B3362400F0587A /* GameSceneC6.swift */; };
		9AB4D03220B3363500F0587A /* YouWonSceneC6.swift in Sources */ = {isa = PBXBuildFile; fileRef = 9AB4D03120B3363500F0587A /* YouWonSceneC6.swift */; };
		9AFE3BB520B2297800BAF949 /* MenuButton.swift in Sources */ = {isa = PBXBuildFile; fileRef = 9AFE3BB420B2297800BAF949 /* MenuButton.swift */; };
		9AFE3BBD20B249F000BAF949 /* GameScene5.swift in Sources */ = {isa = PBXBuildFile; fileRef = 9AFE3BBC20B249F000BAF949 /* GameScene5.swift */; };
		9AFE3BBF20B24A0300BAF949 /* GameScene6.swift in Sources */ = {isa = PBXBuildFile; fileRef = 9AFE3BBE20B24A0300BAF949 /* GameScene6.swift */; };
		9AFE3BC220B25FDF00BAF949 /* YouWonSceneB1.swift in Sources */ = {isa = PBXBuildFile; fileRef = 9AFE3BC120B25FDF00BAF949 /* YouWonSceneB1.swift */; };
		9AFE3BC820B260C900BAF949 /* GameSceneB2.swift in Sources */ = {isa = PBXBuildFile; fileRef = 9AFE3BC720B260C900BAF949 /* GameSceneB2.swift */; };
		9AFE3BCA20B260D700BAF949 /* YouWonSceneB2.swift in Sources */ = {isa = PBXBuildFile; fileRef = 9AFE3BC920B260D700BAF949 /* YouWonSceneB2.swift */; };
		9AFE3BCC20B2614100BAF949 /* GameSceneB3.swift in Sources */ = {isa = PBXBuildFile; fileRef = 9AFE3BCB20B2614100BAF949 /* GameSceneB3.swift */; };
		9AFE3BCE20B2615C00BAF949 /* YouWonSceneB3.swift in Sources */ = {isa = PBXBuildFile; fileRef = 9AFE3BCD20B2615C00BAF949 /* YouWonSceneB3.swift */; };
		9AFE3BD020B2617500BAF949 /* YouWonSceneB4.swift in Sources */ = {isa = PBXBuildFile; fileRef = 9AFE3BCF20B2617500BAF949 /* YouWonSceneB4.swift */; };
		9AFE3BD220B261AE00BAF949 /* GameSceneB5.swift in Sources */ = {isa = PBXBuildFile; fileRef = 9AFE3BD120B261AE00BAF949 /* GameSceneB5.swift */; };
		9AFE3BD420B261D000BAF949 /* YouWonSceneB5.swift in Sources */ = {isa = PBXBuildFile; fileRef = 9AFE3BD320B261D000BAF949 /* YouWonSceneB5.swift */; };
		9AFE3BD620B261FC00BAF949 /* GameSceneB6.swift in Sources */ = {isa = PBXBuildFile; fileRef = 9AFE3BD520B261FC00BAF949 /* GameSceneB6.swift */; };
		9AFE3BD820B2622F00BAF949 /* YouWonSceneB6.swift in Sources */ = {isa = PBXBuildFile; fileRef = 9AFE3BD720B2622F00BAF949 /* YouWonSceneB6.swift */; };
/* End PBXBuildFile section */

/* Begin PBXContainerItemProxy section */
		48D900612073EE71008F5CE1 /* PBXContainerItemProxy */ = {
			isa = PBXContainerItemProxy;
			containerPortal = 48D900442073EE70008F5CE1 /* Project object */;
			proxyType = 1;
			remoteGlobalIDString = 48D9004B2073EE70008F5CE1;
			remoteInfo = Reach;
		};
		48D9006C2073EE71008F5CE1 /* PBXContainerItemProxy */ = {
			isa = PBXContainerItemProxy;
			containerPortal = 48D900442073EE70008F5CE1 /* Project object */;
			proxyType = 1;
			remoteGlobalIDString = 48D9004B2073EE70008F5CE1;
			remoteInfo = Reach;
		};
/* End PBXContainerItemProxy section */

/* Begin PBXFileReference section */
		48D9004C2073EE70008F5CE1 /* Reach.app */ = {isa = PBXFileReference; explicitFileType = wrapper.application; includeInIndex = 0; path = Reach.app; sourceTree = BUILT_PRODUCTS_DIR; };
		48D9004F2073EE70008F5CE1 /* AppDelegate.swift */ = {isa = PBXFileReference; lastKnownFileType = sourcecode.swift; path = AppDelegate.swift; sourceTree = "<group>"; };
		48D900512073EE70008F5CE1 /* ViewController.swift */ = {isa = PBXFileReference; lastKnownFileType = sourcecode.swift; path = ViewController.swift; sourceTree = "<group>"; };
		48D900542073EE70008F5CE1 /* Base */ = {isa = PBXFileReference; lastKnownFileType = file.storyboard; name = Base; path = Base.lproj/Main.storyboard; sourceTree = "<group>"; };
		48D900562073EE70008F5CE1 /* Assets.xcassets */ = {isa = PBXFileReference; lastKnownFileType = folder.assetcatalog; path = Assets.xcassets; sourceTree = "<group>"; };
		48D900592073EE70008F5CE1 /* Base */ = {isa = PBXFileReference; lastKnownFileType = file.storyboard; name = Base; path = Base.lproj/LaunchScreen.storyboard; sourceTree = "<group>"; };
		48D9005B2073EE70008F5CE1 /* Info.plist */ = {isa = PBXFileReference; lastKnownFileType = text.plist.xml; path = Info.plist; sourceTree = "<group>"; };
		48D900602073EE71008F5CE1 /* ReachTests.xctest */ = {isa = PBXFileReference; explicitFileType = wrapper.cfbundle; includeInIndex = 0; path = ReachTests.xctest; sourceTree = BUILT_PRODUCTS_DIR; };
		48D900642073EE71008F5CE1 /* ReachTests.swift */ = {isa = PBXFileReference; lastKnownFileType = sourcecode.swift; path = ReachTests.swift; sourceTree = "<group>"; };
		48D900662073EE71008F5CE1 /* Info.plist */ = {isa = PBXFileReference; lastKnownFileType = text.plist.xml; path = Info.plist; sourceTree = "<group>"; };
		48D9006B2073EE71008F5CE1 /* ReachUITests.xctest */ = {isa = PBXFileReference; explicitFileType = wrapper.cfbundle; includeInIndex = 0; path = ReachUITests.xctest; sourceTree = BUILT_PRODUCTS_DIR; };
		48D9006F2073EE71008F5CE1 /* ReachUITests.swift */ = {isa = PBXFileReference; lastKnownFileType = sourcecode.swift; path = ReachUITests.swift; sourceTree = "<group>"; };
		48D900712073EE71008F5CE1 /* Info.plist */ = {isa = PBXFileReference; lastKnownFileType = text.plist.xml; path = Info.plist; sourceTree = "<group>"; };
		48D9008B2073F1AC008F5CE1 /* GameScene0.swift */ = {isa = PBXFileReference; lastKnownFileType = sourcecode.swift; path = GameScene0.swift; sourceTree = "<group>"; };
		48D9008D2073F1B2008F5CE1 /* SpaceView.swift */ = {isa = PBXFileReference; lastKnownFileType = sourcecode.swift; path = SpaceView.swift; sourceTree = "<group>"; };
		48D9008F2073F20F008F5CE1 /* GameScene1.swift */ = {isa = PBXFileReference; lastKnownFileType = sourcecode.swift; path = GameScene1.swift; sourceTree = "<group>"; };
		48D900912073F218008F5CE1 /* YouWonScene1.swift */ = {isa = PBXFileReference; lastKnownFileType = sourcecode.swift; path = YouWonScene1.swift; sourceTree = "<group>"; };
		48D900932073F22F008F5CE1 /* YouWonScene2.swift */ = {isa = PBXFileReference; lastKnownFileType = sourcecode.swift; path = YouWonScene2.swift; sourceTree = "<group>"; };
		48D900942073F22F008F5CE1 /* GameScene2.swift */ = {isa = PBXFileReference; lastKnownFileType = sourcecode.swift; path = GameScene2.swift; sourceTree = "<group>"; };
		48D900972073F25F008F5CE1 /* YouWonScene3.swift */ = {isa = PBXFileReference; lastKnownFileType = sourcecode.swift; path = YouWonScene3.swift; sourceTree = "<group>"; };
		48D900982073F25F008F5CE1 /* GameScene3.swift */ = {isa = PBXFileReference; lastKnownFileType = sourcecode.swift; path = GameScene3.swift; sourceTree = "<group>"; };
		48D9009B2073F277008F5CE1 /* GameScene4.swift */ = {isa = PBXFileReference; lastKnownFileType = sourcecode.swift; path = GameScene4.swift; sourceTree = "<group>"; };
		48D9009C2073F277008F5CE1 /* YouWonScene4.swift */ = {isa = PBXFileReference; lastKnownFileType = sourcecode.swift; path = YouWonScene4.swift; sourceTree = "<group>"; };
		48D9009F2073F29C008F5CE1 /* YouWonScene5.swift */ = {isa = PBXFileReference; lastKnownFileType = sourcecode.swift; path = YouWonScene5.swift; sourceTree = "<group>"; };
		48D900A02073F29C008F5CE1 /* GameSceneB1.swift */ = {isa = PBXFileReference; lastKnownFileType = sourcecode.swift; path = GameSceneB1.swift; sourceTree = "<group>"; };
		48D900A32073F2B8008F5CE1 /* GameSceneB4.swift */ = {isa = PBXFileReference; lastKnownFileType = sourcecode.swift; path = GameSceneB4.swift; sourceTree = "<group>"; };
		48D900A42073F2B8008F5CE1 /* YouWonScene6.swift */ = {isa = PBXFileReference; lastKnownFileType = sourcecode.swift; path = YouWonScene6.swift; sourceTree = "<group>"; };
		48D900A72073F366008F5CE1 /* GameScene.swift */ = {isa = PBXFileReference; lastKnownFileType = sourcecode.swift; path = GameScene.swift; sourceTree = "<group>"; };
		48D900A82073F366008F5CE1 /* YouWonScene.swift */ = {isa = PBXFileReference; lastKnownFileType = sourcecode.swift; path = YouWonScene.swift; sourceTree = "<group>"; };
		48D900A92073F366008F5CE1 /* Button.swift */ = {isa = PBXFileReference; lastKnownFileType = sourcecode.swift; path = Button.swift; sourceTree = "<group>"; };
		48D900AD2073F3A5008F5CE1 /* PhysicsCategories.swift */ = {isa = PBXFileReference; lastKnownFileType = sourcecode.swift; path = PhysicsCategories.swift; sourceTree = "<group>"; };
		48D900AE2073F3A5008F5CE1 /* VectorFunctions.swift */ = {isa = PBXFileReference; lastKnownFileType = sourcecode.swift; path = VectorFunctions.swift; sourceTree = "<group>"; };
		48DBE1DF207402400096E1DF /* Actions.sks */ = {isa = PBXFileReference; lastKnownFileType = file.sks; path = Actions.sks; sourceTree = "<group>"; };
		48DBE1E0207402400096E1DF /* Rocket */ = {isa = PBXFileReference; lastKnownFileType = folder; path = Rocket; sourceTree = "<group>"; };
		48DBE1E1207402400096E1DF /* Button */ = {isa = PBXFileReference; lastKnownFileType = folder; path = Button; sourceTree = "<group>"; };
		48DBE1E2207402400096E1DF /* GameScene.sks */ = {isa = PBXFileReference; lastKnownFileType = file.sks; path = GameScene.sks; sourceTree = "<group>"; };
		48DBE1E3207402400096E1DF /* Particles */ = {isa = PBXFileReference; lastKnownFileType = folder; path = Particles; sourceTree = "<group>"; };
		48DBE1E4207402400096E1DF /* spark.png */ = {isa = PBXFileReference; lastKnownFileType = image.png; path = spark.png; sourceTree = "<group>"; };
		48DBE1E5207402410096E1DF /* Intro */ = {isa = PBXFileReference; lastKnownFileType = folder; path = Intro; sourceTree = "<group>"; };
		48DBE1E6207402410096E1DF /* Star */ = {isa = PBXFileReference; lastKnownFileType = folder; path = Star; sourceTree = "<group>"; };
		48DBE1E7207402410096E1DF /* StarCounter */ = {isa = PBXFileReference; lastKnownFileType = folder; path = StarCounter; sourceTree = "<group>"; };
		48DBE1E8207402410096E1DF /* Planets */ = {isa = PBXFileReference; lastKnownFileType = folder; path = Planets; sourceTree = "<group>"; };
		48DBE1E9207402410096E1DF /* Sounds */ = {isa = PBXFileReference; lastKnownFileType = folder; path = Sounds; sourceTree = "<group>"; };
		9A27A06F20B2E95300918AB6 /* GameSceneC.swift */ = {isa = PBXFileReference; lastKnownFileType = sourcecode.swift; path = GameSceneC.swift; sourceTree = "<group>"; };
		9A27A07120B2EA8B00918AB6 /* GameSceneC1.swift */ = {isa = PBXFileReference; lastKnownFileType = sourcecode.swift; path = GameSceneC1.swift; sourceTree = "<group>"; };
		9A27A07420B2EAA600918AB6 /* YouWonSceneC1.swift */ = {isa = PBXFileReference; lastKnownFileType = sourcecode.swift; path = YouWonSceneC1.swift; sourceTree = "<group>"; };
		9A2CC20820B107E2003E7263 /* RunButton.swift */ = {isa = PBXFileReference; lastKnownFileType = sourcecode.swift; path = RunButton.swift; sourceTree = "<group>"; };
		9A2CC20C20B1095F003E7263 /* Menu.swift */ = {isa = PBXFileReference; lastKnownFileType = sourcecode.swift; path = Menu.swift; sourceTree = "<group>"; };
		9A2CC20E20B119D2003E7263 /* GravityRun.swift */ = {isa = PBXFileReference; lastKnownFileType = sourcecode.swift; path = GravityRun.swift; sourceTree = "<group>"; };
		9A2CC21020B11C2A003E7263 /* AntigravityRun.swift */ = {isa = PBXFileReference; lastKnownFileType = sourcecode.swift; path = AntigravityRun.swift; sourceTree = "<group>"; };
		9A2CC21220B11C51003E7263 /* OrbitRun.swift */ = {isa = PBXFileReference; lastKnownFileType = sourcecode.swift; path = OrbitRun.swift; sourceTree = "<group>"; };
		9AB4D01F20B3359D00F0587A /* GameSceneC2.swift */ = {isa = PBXFileReference; lastKnownFileType = sourcecode.swift; path = GameSceneC2.swift; sourceTree = "<group>"; };
		9AB4D02120B335AD00F0587A /* YouWonSceneC2.swift */ = {isa = PBXFileReference; lastKnownFileType = sourcecode.swift; path = YouWonSceneC2.swift; sourceTree = "<group>"; };
		9AB4D02320B335C300F0587A /* GameSceneC3.swift */ = {isa = PBXFileReference; lastKnownFileType = sourcecode.swift; path = GameSceneC3.swift; sourceTree = "<group>"; };
		9AB4D02520B335CF00F0587A /* YouWonSceneC3.swift */ = {isa = PBXFileReference; lastKnownFileType = sourcecode.swift; path = YouWonSceneC3.swift; sourceTree = "<group>"; };
		9AB4D02720B335E400F0587A /* GameSceneC4.swift */ = {isa = PBXFileReference; lastKnownFileType = sourcecode.swift; path = GameSceneC4.swift; sourceTree = "<group>"; };
		9AB4D02920B335F200F0587A /* YouWonSceneC4.swift */ = {isa = PBXFileReference; lastKnownFileType = sourcecode.swift; path = YouWonSceneC4.swift; sourceTree = "<group>"; };
		9AB4D02B20B3360100F0587A /* GameSceneC5.swift */ = {isa = PBXFileReference; lastKnownFileType = sourcecode.swift; path = GameSceneC5.swift; sourceTree = "<group>"; };
		9AB4D02D20B3361700F0587A /* YouWonSceneC5.swift */ = {isa = PBXFileReference; lastKnownFileType = sourcecode.swift; path = YouWonSceneC5.swift; sourceTree = "<group>"; };
		9AB4D02F20B3362400F0587A /* GameSceneC6.swift */ = {isa = PBXFileReference; lastKnownFileType = sourcecode.swift; path = GameSceneC6.swift; sourceTree = "<group>"; };
		9AB4D03120B3363500F0587A /* YouWonSceneC6.swift */ = {isa = PBXFileReference; lastKnownFileType = sourcecode.swift; path = YouWonSceneC6.swift; sourceTree = "<group>"; };
		9AFE3BB420B2297800BAF949 /* MenuButton.swift */ = {isa = PBXFileReference; lastKnownFileType = sourcecode.swift; path = MenuButton.swift; sourceTree = "<group>"; };
		9AFE3BBC20B249F000BAF949 /* GameScene5.swift */ = {isa = PBXFileReference; lastKnownFileType = sourcecode.swift; path = GameScene5.swift; sourceTree = "<group>"; };
		9AFE3BBE20B24A0300BAF949 /* GameScene6.swift */ = {isa = PBXFileReference; lastKnownFileType = sourcecode.swift; path = GameScene6.swift; sourceTree = "<group>"; };
		9AFE3BC120B25FDF00BAF949 /* YouWonSceneB1.swift */ = {isa = PBXFileReference; lastKnownFileType = sourcecode.swift; path = YouWonSceneB1.swift; sourceTree = "<group>"; };
		9AFE3BC720B260C900BAF949 /* GameSceneB2.swift */ = {isa = PBXFileReference; lastKnownFileType = sourcecode.swift; path = GameSceneB2.swift; sourceTree = "<group>"; };
		9AFE3BC920B260D700BAF949 /* YouWonSceneB2.swift */ = {isa = PBXFileReference; lastKnownFileType = sourcecode.swift; path = YouWonSceneB2.swift; sourceTree = "<group>"; };
		9AFE3BCB20B2614100BAF949 /* GameSceneB3.swift */ = {isa = PBXFileReference; lastKnownFileType = sourcecode.swift; path = GameSceneB3.swift; sourceTree = "<group>"; };
		9AFE3BCD20B2615C00BAF949 /* YouWonSceneB3.swift */ = {isa = PBXFileReference; lastKnownFileType = sourcecode.swift; path = YouWonSceneB3.swift; sourceTree = "<group>"; };
		9AFE3BCF20B2617500BAF949 /* YouWonSceneB4.swift */ = {isa = PBXFileReference; lastKnownFileType = sourcecode.swift; path = YouWonSceneB4.swift; sourceTree = "<group>"; };
		9AFE3BD120B261AE00BAF949 /* GameSceneB5.swift */ = {isa = PBXFileReference; lastKnownFileType = sourcecode.swift; path = GameSceneB5.swift; sourceTree = "<group>"; };
		9AFE3BD320B261D000BAF949 /* YouWonSceneB5.swift */ = {isa = PBXFileReference; lastKnownFileType = sourcecode.swift; path = YouWonSceneB5.swift; sourceTree = "<group>"; };
		9AFE3BD520B261FC00BAF949 /* GameSceneB6.swift */ = {isa = PBXFileReference; lastKnownFileType = sourcecode.swift; path = GameSceneB6.swift; sourceTree = "<group>"; };
		9AFE3BD720B2622F00BAF949 /* YouWonSceneB6.swift */ = {isa = PBXFileReference; lastKnownFileType = sourcecode.swift; path = YouWonSceneB6.swift; sourceTree = "<group>"; };
/* End PBXFileReference section */

/* Begin PBXFrameworksBuildPhase section */
		48D900492073EE70008F5CE1 /* Frameworks */ = {
			isa = PBXFrameworksBuildPhase;
			buildActionMask = 2147483647;
			files = (
			);
			runOnlyForDeploymentPostprocessing = 0;
		};
		48D9005D2073EE71008F5CE1 /* Frameworks */ = {
			isa = PBXFrameworksBuildPhase;
			buildActionMask = 2147483647;
			files = (
			);
			runOnlyForDeploymentPostprocessing = 0;
		};
		48D900682073EE71008F5CE1 /* Frameworks */ = {
			isa = PBXFrameworksBuildPhase;
			buildActionMask = 2147483647;
			files = (
			);
			runOnlyForDeploymentPostprocessing = 0;
		};
/* End PBXFrameworksBuildPhase section */

/* Begin PBXGroup section */
		48D900432073EE70008F5CE1 = {
			isa = PBXGroup;
			children = (
				48D9004E2073EE70008F5CE1 /* Reach */,
				48D900632073EE71008F5CE1 /* ReachTests */,
				48D9006E2073EE71008F5CE1 /* ReachUITests */,
				48D9004D2073EE70008F5CE1 /* Products */,
			);
			sourceTree = "<group>";
		};
		48D9004D2073EE70008F5CE1 /* Products */ = {
			isa = PBXGroup;
			children = (
				48D9004C2073EE70008F5CE1 /* Reach.app */,
				48D900602073EE71008F5CE1 /* ReachTests.xctest */,
				48D9006B2073EE71008F5CE1 /* ReachUITests.xctest */,
			);
			name = Products;
			sourceTree = "<group>";
		};
		48D9004E2073EE70008F5CE1 /* Reach */ = {
			isa = PBXGroup;
			children = (
				9A2CC20B20B1094B003E7263 /* Menu */,
				9A2CC20A20B10938003E7263 /* Tutorial */,
				9AFE3BB620B246FA00BAF949 /* GravityRun */,
				9AFE3BC020B25FA600BAF949 /* AntigravityRun */,
				9A27A06720B2E82A00918AB6 /* OrbitRun */,
				48DBE1F920740CAC0096E1DF /* Nodes */,
				48DBE1FA20740CBB0096E1DF /* Other Files */,
				48D9004F2073EE70008F5CE1 /* AppDelegate.swift */,
				48D900512073EE70008F5CE1 /* ViewController.swift */,
				48DBE1DB207401DC0096E1DF /* Resources */,
				48D900532073EE70008F5CE1 /* Main.storyboard */,
				48D900562073EE70008F5CE1 /* Assets.xcassets */,
				48D900582073EE70008F5CE1 /* LaunchScreen.storyboard */,
				48D9005B2073EE70008F5CE1 /* Info.plist */,
			);
			path = Reach;
			sourceTree = "<group>";
		};
		48D900632073EE71008F5CE1 /* ReachTests */ = {
			isa = PBXGroup;
			children = (
				48D900642073EE71008F5CE1 /* ReachTests.swift */,
				48D900662073EE71008F5CE1 /* Info.plist */,
			);
			path = ReachTests;
			sourceTree = "<group>";
		};
		48D9006E2073EE71008F5CE1 /* ReachUITests */ = {
			isa = PBXGroup;
			children = (
				48D9006F2073EE71008F5CE1 /* ReachUITests.swift */,
				48D900712073EE71008F5CE1 /* Info.plist */,
			);
			path = ReachUITests;
			sourceTree = "<group>";
		};
		48DBE1DB207401DC0096E1DF /* Resources */ = {
			isa = PBXGroup;
			children = (
				48DBE1DF207402400096E1DF /* Actions.sks */,
				48DBE1E1207402400096E1DF /* Button */,
				48DBE1E2207402400096E1DF /* GameScene.sks */,
				48DBE1E5207402410096E1DF /* Intro */,
				48DBE1E3207402400096E1DF /* Particles */,
				48DBE1E8207402410096E1DF /* Planets */,
				48DBE1E0207402400096E1DF /* Rocket */,
				48DBE1E9207402410096E1DF /* Sounds */,
				48DBE1E4207402400096E1DF /* spark.png */,
				48DBE1E6207402410096E1DF /* Star */,
				48DBE1E7207402410096E1DF /* StarCounter */,
			);
			path = Resources;
			sourceTree = "<group>";
		};
		48DBE1DD207402080096E1DF /* Level1 */ = {
			isa = PBXGroup;
			children = (
				48D9008F2073F20F008F5CE1 /* GameScene1.swift */,
				48D900912073F218008F5CE1 /* YouWonScene1.swift */,
			);
			name = Level1;
			path = ..;
			sourceTree = "<group>";
		};
		48DBE1DE207402170096E1DF /* Level2 */ = {
			isa = PBXGroup;
			children = (
				48D900942073F22F008F5CE1 /* GameScene2.swift */,
				48D900932073F22F008F5CE1 /* YouWonScene2.swift */,
			);
			path = Level2;
			sourceTree = "<group>";
		};
		48DBE1F520740C4A0096E1DF /* Level3 */ = {
			isa = PBXGroup;
			children = (
				48D900982073F25F008F5CE1 /* GameScene3.swift */,
				48D900972073F25F008F5CE1 /* YouWonScene3.swift */,
			);
			path = Level3;
			sourceTree = "<group>";
		};
		48DBE1F620740C6B0096E1DF /* Level4 */ = {
			isa = PBXGroup;
			children = (
				48D9009B2073F277008F5CE1 /* GameScene4.swift */,
				48D9009C2073F277008F5CE1 /* YouWonScene4.swift */,
			);
			path = Level4;
			sourceTree = "<group>";
		};
		48DBE1F720740C760096E1DF /* LevelB1 */ = {
			isa = PBXGroup;
			children = (
				48D900A02073F29C008F5CE1 /* GameSceneB1.swift */,
				9AFE3BC120B25FDF00BAF949 /* YouWonSceneB1.swift */,
			);
			path = LevelB1;
			sourceTree = "<group>";
		};
		48DBE1F820740C850096E1DF /* LevelB4 */ = {
			isa = PBXGroup;
			children = (
				48D900A32073F2B8008F5CE1 /* GameSceneB4.swift */,
				9AFE3BCF20B2617500BAF949 /* YouWonSceneB4.swift */,
			);
			path = LevelB4;
			sourceTree = "<group>";
		};
		48DBE1F920740CAC0096E1DF /* Nodes */ = {
			isa = PBXGroup;
			children = (
				48D900A72073F366008F5CE1 /* GameScene.swift */,
				9A27A06F20B2E95300918AB6 /* GameSceneC.swift */,
				48D900A92073F366008F5CE1 /* Button.swift */,
				9A2CC20820B107E2003E7263 /* RunButton.swift */,
				48D900A82073F366008F5CE1 /* YouWonScene.swift */,
			);
			path = Nodes;
			sourceTree = "<group>";
		};
		48DBE1FA20740CBB0096E1DF /* Other Files */ = {
			isa = PBXGroup;
			children = (
				48D9008D2073F1B2008F5CE1 /* SpaceView.swift */,
				48D900AD2073F3A5008F5CE1 /* PhysicsCategories.swift */,
				48D900AE2073F3A5008F5CE1 /* VectorFunctions.swift */,
			);
			name = "Other Files";
			path = "New Group";
			sourceTree = "<group>";
		};
		9A27A06720B2E82A00918AB6 /* OrbitRun */ = {
			isa = PBXGroup;
			children = (
				9A27A06820B2E84C00918AB6 /* LevelC1 */,
				9A27A06E20B2E88000918AB6 /* LevelC2 */,
				9A27A06D20B2E87900918AB6 /* LevelC3 */,
				9A27A06C20B2E87200918AB6 /* LevelC4 */,
				9A27A06B20B2E86B00918AB6 /* LevelC5 */,
				9A27A06A20B2E86300918AB6 /* LevelC6 */,
			);
			name = OrbitRun;
			path = AntigravityRun/OrbitRun;
			sourceTree = "<group>";
		};
		9A27A06820B2E84C00918AB6 /* LevelC1 */ = {
			isa = PBXGroup;
			children = (
				9A27A07120B2EA8B00918AB6 /* GameSceneC1.swift */,
				9A27A07420B2EAA600918AB6 /* YouWonSceneC1.swift */,
			);
			path = LevelC1;
			sourceTree = "<group>";
		};
		9A27A06A20B2E86300918AB6 /* LevelC6 */ = {
			isa = PBXGroup;
			children = (
				9AB4D02F20B3362400F0587A /* GameSceneC6.swift */,
				9AB4D03120B3363500F0587A /* YouWonSceneC6.swift */,
			);
			path = LevelC6;
			sourceTree = "<group>";
		};
		9A27A06B20B2E86B00918AB6 /* LevelC5 */ = {
			isa = PBXGroup;
			children = (
				9AB4D02B20B3360100F0587A /* GameSceneC5.swift */,
				9AB4D02D20B3361700F0587A /* YouWonSceneC5.swift */,
			);
			path = LevelC5;
			sourceTree = "<group>";
		};
		9A27A06C20B2E87200918AB6 /* LevelC4 */ = {
			isa = PBXGroup;
			children = (
				9AB4D02720B335E400F0587A /* GameSceneC4.swift */,
				9AB4D02920B335F200F0587A /* YouWonSceneC4.swift */,
			);
			path = LevelC4;
			sourceTree = "<group>";
		};
		9A27A06D20B2E87900918AB6 /* LevelC3 */ = {
			isa = PBXGroup;
			children = (
				9AB4D02320B335C300F0587A /* GameSceneC3.swift */,
				9AB4D02520B335CF00F0587A /* YouWonSceneC3.swift */,
			);
			path = LevelC3;
			sourceTree = "<group>";
		};
		9A27A06E20B2E88000918AB6 /* LevelC2 */ = {
			isa = PBXGroup;
			children = (
				9AB4D01F20B3359D00F0587A /* GameSceneC2.swift */,
				9AB4D02120B335AD00F0587A /* YouWonSceneC2.swift */,
			);
			path = LevelC2;
			sourceTree = "<group>";
		};
		9A2CC20A20B10938003E7263 /* Tutorial */ = {
			isa = PBXGroup;
			children = (
				48D9008B2073F1AC008F5CE1 /* GameScene0.swift */,
			);
			path = Tutorial;
			sourceTree = "<group>";
		};
		9A2CC20B20B1094B003E7263 /* Menu */ = {
			isa = PBXGroup;
			children = (
				9A2CC20C20B1095F003E7263 /* Menu.swift */,
				9A2CC20E20B119D2003E7263 /* GravityRun.swift */,
				9AFE3BB420B2297800BAF949 /* MenuButton.swift */,
				9A2CC21020B11C2A003E7263 /* AntigravityRun.swift */,
				9A2CC21220B11C51003E7263 /* OrbitRun.swift */,
			);
			name = Menu;
			path = Tutorial/Menu;
			sourceTree = "<group>";
		};
		9AFE3BB620B246FA00BAF949 /* GravityRun */ = {
			isa = PBXGroup;
			children = (
				48DBE1DD207402080096E1DF /* Level1 */,
				48DBE1DE207402170096E1DF /* Level2 */,
				48DBE1F520740C4A0096E1DF /* Level3 */,
				48DBE1F620740C6B0096E1DF /* Level4 */,
				9AFE3BB920B2497600BAF949 /* Level5 */,
				9AFE3BBB20B249A900BAF949 /* Level6 */,
			);
			name = GravityRun;
			path = Level1/GravityRun;
			sourceTree = "<group>";
		};
		9AFE3BB920B2497600BAF949 /* Level5 */ = {
			isa = PBXGroup;
			children = (
				9AFE3BBC20B249F000BAF949 /* GameScene5.swift */,
				48D9009F2073F29C008F5CE1 /* YouWonScene5.swift */,
			);
			path = Level5;
			sourceTree = "<group>";
		};
		9AFE3BBB20B249A900BAF949 /* Level6 */ = {
			isa = PBXGroup;
			children = (
				9AFE3BBE20B24A0300BAF949 /* GameScene6.swift */,
				48D900A42073F2B8008F5CE1 /* YouWonScene6.swift */,
			);
			path = Level6;
			sourceTree = "<group>";
		};
		9AFE3BC020B25FA600BAF949 /* AntigravityRun */ = {
			isa = PBXGroup;
			children = (
				48DBE1F720740C760096E1DF /* LevelB1 */,
				9AFE3BC320B2602500BAF949 /* LevelB2 */,
				9AFE3BC420B2603500BAF949 /* LevelB3 */,
				48DBE1F820740C850096E1DF /* LevelB4 */,
				9AFE3BC520B2603F00BAF949 /* LevelB5 */,
				9AFE3BC620B2604700BAF949 /* LevelB6 */,
			);
			path = AntigravityRun;
			sourceTree = "<group>";
		};
		9AFE3BC320B2602500BAF949 /* LevelB2 */ = {
			isa = PBXGroup;
			children = (
				9AFE3BC720B260C900BAF949 /* GameSceneB2.swift */,
				9AFE3BC920B260D700BAF949 /* YouWonSceneB2.swift */,
			);
			path = LevelB2;
			sourceTree = "<group>";
		};
		9AFE3BC420B2603500BAF949 /* LevelB3 */ = {
			isa = PBXGroup;
			children = (
				9AFE3BCB20B2614100BAF949 /* GameSceneB3.swift */,
				9AFE3BCD20B2615C00BAF949 /* YouWonSceneB3.swift */,
			);
			path = LevelB3;
			sourceTree = "<group>";
		};
		9AFE3BC520B2603F00BAF949 /* LevelB5 */ = {
			isa = PBXGroup;
			children = (
				9AFE3BD120B261AE00BAF949 /* GameSceneB5.swift */,
				9AFE3BD320B261D000BAF949 /* YouWonSceneB5.swift */,
			);
			path = LevelB5;
			sourceTree = "<group>";
		};
		9AFE3BC620B2604700BAF949 /* LevelB6 */ = {
			isa = PBXGroup;
			children = (
				9AFE3BD520B261FC00BAF949 /* GameSceneB6.swift */,
				9AFE3BD720B2622F00BAF949 /* YouWonSceneB6.swift */,
			);
			path = LevelB6;
			sourceTree = "<group>";
		};
/* End PBXGroup section */

/* Begin PBXNativeTarget section */
		48D9004B2073EE70008F5CE1 /* Reach */ = {
			isa = PBXNativeTarget;
			buildConfigurationList = 48D900742073EE71008F5CE1 /* Build configuration list for PBXNativeTarget "Reach" */;
			buildPhases = (
				48D900482073EE70008F5CE1 /* Sources */,
				48D900492073EE70008F5CE1 /* Frameworks */,
				48D9004A2073EE70008F5CE1 /* Resources */,
			);
			buildRules = (
			);
			dependencies = (
			);
			name = Reach;
			productName = Reach;
			productReference = 48D9004C2073EE70008F5CE1 /* Reach.app */;
			productType = "com.apple.product-type.application";
		};
		48D9005F2073EE71008F5CE1 /* ReachTests */ = {
			isa = PBXNativeTarget;
			buildConfigurationList = 48D900772073EE71008F5CE1 /* Build configuration list for PBXNativeTarget "ReachTests" */;
			buildPhases = (
				48D9005C2073EE71008F5CE1 /* Sources */,
				48D9005D2073EE71008F5CE1 /* Frameworks */,
				48D9005E2073EE71008F5CE1 /* Resources */,
			);
			buildRules = (
			);
			dependencies = (
				48D900622073EE71008F5CE1 /* PBXTargetDependency */,
			);
			name = ReachTests;
			productName = ReachTests;
			productReference = 48D900602073EE71008F5CE1 /* ReachTests.xctest */;
			productType = "com.apple.product-type.bundle.unit-test";
		};
		48D9006A2073EE71008F5CE1 /* ReachUITests */ = {
			isa = PBXNativeTarget;
			buildConfigurationList = 48D9007A2073EE71008F5CE1 /* Build configuration list for PBXNativeTarget "ReachUITests" */;
			buildPhases = (
				48D900672073EE71008F5CE1 /* Sources */,
				48D900682073EE71008F5CE1 /* Frameworks */,
				48D900692073EE71008F5CE1 /* Resources */,
			);
			buildRules = (
			);
			dependencies = (
				48D9006D2073EE71008F5CE1 /* PBXTargetDependency */,
			);
			name = ReachUITests;
			productName = ReachUITests;
			productReference = 48D9006B2073EE71008F5CE1 /* ReachUITests.xctest */;
			productType = "com.apple.product-type.bundle.ui-testing";
		};
/* End PBXNativeTarget section */

/* Begin PBXProject section */
		48D900442073EE70008F5CE1 /* Project object */ = {
			isa = PBXProject;
			attributes = {
				LastSwiftUpdateCheck = 0920;
				LastUpgradeCheck = 0930;
				ORGANIZATIONNAME = "Turma Tarde";
				TargetAttributes = {
					48D9004B2073EE70008F5CE1 = {
						CreatedOnToolsVersion = 9.2;
						ProvisioningStyle = Automatic;
					};
					48D9005F2073EE71008F5CE1 = {
						CreatedOnToolsVersion = 9.2;
						ProvisioningStyle = Automatic;
						TestTargetID = 48D9004B2073EE70008F5CE1;
					};
					48D9006A2073EE71008F5CE1 = {
						CreatedOnToolsVersion = 9.2;
						ProvisioningStyle = Automatic;
						TestTargetID = 48D9004B2073EE70008F5CE1;
					};
				};
			};
			buildConfigurationList = 48D900472073EE70008F5CE1 /* Build configuration list for PBXProject "Reach" */;
			compatibilityVersion = "Xcode 8.0";
			developmentRegion = en;
			hasScannedForEncodings = 0;
			knownRegions = (
				en,
				Base,
			);
			mainGroup = 48D900432073EE70008F5CE1;
			productRefGroup = 48D9004D2073EE70008F5CE1 /* Products */;
			projectDirPath = "";
			projectRoot = "";
			targets = (
				48D9004B2073EE70008F5CE1 /* Reach */,
				48D9005F2073EE71008F5CE1 /* ReachTests */,
				48D9006A2073EE71008F5CE1 /* ReachUITests */,
			);
		};
/* End PBXProject section */

/* Begin PBXResourcesBuildPhase section */
		48D9004A2073EE70008F5CE1 /* Resources */ = {
			isa = PBXResourcesBuildPhase;
			buildActionMask = 2147483647;
			files = (
				48DBE1F2207402410096E1DF /* StarCounter in Resources */,
				48DBE1EA207402410096E1DF /* Actions.sks in Resources */,
				48DBE1EF207402410096E1DF /* spark.png in Resources */,
				48DBE1F1207402410096E1DF /* Star in Resources */,
				48D9005A2073EE70008F5CE1 /* LaunchScreen.storyboard in Resources */,
				48D900572073EE70008F5CE1 /* Assets.xcassets in Resources */,
				48DBE1ED207402410096E1DF /* GameScene.sks in Resources */,
				48DBE1EB207402410096E1DF /* Rocket in Resources */,
				48DBE1EE207402410096E1DF /* Particles in Resources */,
				48DBE1EC207402410096E1DF /* Button in Resources */,
				48D900552073EE70008F5CE1 /* Main.storyboard in Resources */,
				48DBE1F3207402410096E1DF /* Planets in Resources */,
				48DBE1F0207402410096E1DF /* Intro in Resources */,
				48DBE1F4207402410096E1DF /* Sounds in Resources */,
			);
			runOnlyForDeploymentPostprocessing = 0;
		};
		48D9005E2073EE71008F5CE1 /* Resources */ = {
			isa = PBXResourcesBuildPhase;
			buildActionMask = 2147483647;
			files = (
			);
			runOnlyForDeploymentPostprocessing = 0;
		};
		48D900692073EE71008F5CE1 /* Resources */ = {
			isa = PBXResourcesBuildPhase;
			buildActionMask = 2147483647;
			files = (
			);
			runOnlyForDeploymentPostprocessing = 0;
		};
/* End PBXResourcesBuildPhase section */

/* Begin PBXSourcesBuildPhase section */
		48D900482073EE70008F5CE1 /* Sources */ = {
			isa = PBXSourcesBuildPhase;
			buildActionMask = 2147483647;
			files = (
				9A2CC21320B11C51003E7263 /* OrbitRun.swift in Sources */,
				9AB4D02820B335E400F0587A /* GameSceneC4.swift in Sources */,
				9AB4D02620B335CF00F0587A /* YouWonSceneC3.swift in Sources */,
				9AFE3BCA20B260D700BAF949 /* YouWonSceneB2.swift in Sources */,
				9AFE3BD020B2617500BAF949 /* YouWonSceneB4.swift in Sources */,
				9AFE3BD220B261AE00BAF949 /* GameSceneB5.swift in Sources */,
				9AB4D02020B3359D00F0587A /* GameSceneC2.swift in Sources */,
				9A2CC21120B11C2A003E7263 /* AntigravityRun.swift in Sources */,
				48D900522073EE70008F5CE1 /* ViewController.swift in Sources */,
				48D900992073F25F008F5CE1 /* YouWonScene3.swift in Sources */,
				48D900A62073F2B9008F5CE1 /* YouWonScene6.swift in Sources */,
				9AFE3BCE20B2615C00BAF949 /* YouWonSceneB3.swift in Sources */,
				48D900A12073F29C008F5CE1 /* YouWonScene5.swift in Sources */,
				48D900A52073F2B9008F5CE1 /* GameSceneB4.swift in Sources */,
				9AB4D02C20B3360100F0587A /* GameSceneC5.swift in Sources */,
				48D900AC2073F367008F5CE1 /* Button.swift in Sources */,
				9AFE3BBD20B249F000BAF949 /* GameScene5.swift in Sources */,
				9A2CC20F20B119D2003E7263 /* GravityRun.swift in Sources */,
				48D900AB2073F367008F5CE1 /* YouWonScene.swift in Sources */,
				48D900922073F218008F5CE1 /* YouWonScene1.swift in Sources */,
				9A27A07220B2EA8B00918AB6 /* GameSceneC1.swift in Sources */,
				9AB4D02A20B335F200F0587A /* YouWonSceneC4.swift in Sources */,
				9AB4D03020B3362400F0587A /* GameSceneC6.swift in Sources */,
				9AFE3BC820B260C900BAF949 /* GameSceneB2.swift in Sources */,
				48D9008E2073F1B2008F5CE1 /* SpaceView.swift in Sources */,
				48D9009E2073F277008F5CE1 /* YouWonScene4.swift in Sources */,
				48D9008C2073F1AC008F5CE1 /* GameScene0.swift in Sources */,
				9AFE3BB520B2297800BAF949 /* MenuButton.swift in Sources */,
				9AFE3BBF20B24A0300BAF949 /* GameScene6.swift in Sources */,
				9AFE3BD820B2622F00BAF949 /* YouWonSceneB6.swift in Sources */,
				48D900502073EE70008F5CE1 /* AppDelegate.swift in Sources */,
				48D900A22073F29C008F5CE1 /* GameSceneB1.swift in Sources */,
				48D900AA2073F367008F5CE1 /* GameScene.swift in Sources */,
				9A2CC20D20B1095F003E7263 /* Menu.swift in Sources */,
				9AB4D03220B3363500F0587A /* YouWonSceneC6.swift in Sources */,
				48D900962073F22F008F5CE1 /* GameScene2.swift in Sources */,
				48D900AF2073F3A5008F5CE1 /* PhysicsCategories.swift in Sources */,
				48D9009D2073F277008F5CE1 /* GameScene4.swift in Sources */,
				9AFE3BC220B25FDF00BAF949 /* YouWonSceneB1.swift in Sources */,
				9AB4D02E20B3361700F0587A /* YouWonSceneC5.swift in Sources */,
				48D900952073F22F008F5CE1 /* YouWonScene2.swift in Sources */,
				9AB4D02420B335C300F0587A /* GameSceneC3.swift in Sources */,
				9AB4D02220B335AD00F0587A /* YouWonSceneC2.swift in Sources */,
				48D9009A2073F25F008F5CE1 /* GameScene3.swift in Sources */,
				48D900902073F20F008F5CE1 /* GameScene1.swift in Sources */,
				9AFE3BD420B261D000BAF949 /* YouWonSceneB5.swift in Sources */,
				9AFE3BD620B261FC00BAF949 /* GameSceneB6.swift in Sources */,
				9AFE3BCC20B2614100BAF949 /* GameSceneB3.swift in Sources */,
				48D900B02073F3A5008F5CE1 /* VectorFunctions.swift in Sources */,
				9A27A07520B2EAA600918AB6 /* YouWonSceneC1.swift in Sources */,
				9A27A07020B2E95300918AB6 /* GameSceneC.swift in Sources */,
				9A2CC20920B107E2003E7263 /* RunButton.swift in Sources */,
			);
			runOnlyForDeploymentPostprocessing = 0;
		};
		48D9005C2073EE71008F5CE1 /* Sources */ = {
			isa = PBXSourcesBuildPhase;
			buildActionMask = 2147483647;
			files = (
				48D900652073EE71008F5CE1 /* ReachTests.swift in Sources */,
			);
			runOnlyForDeploymentPostprocessing = 0;
		};
		48D900672073EE71008F5CE1 /* Sources */ = {
			isa = PBXSourcesBuildPhase;
			buildActionMask = 2147483647;
			files = (
				48D900702073EE71008F5CE1 /* ReachUITests.swift in Sources */,
			);
			runOnlyForDeploymentPostprocessing = 0;
		};
/* End PBXSourcesBuildPhase section */

/* Begin PBXTargetDependency section */
		48D900622073EE71008F5CE1 /* PBXTargetDependency */ = {
			isa = PBXTargetDependency;
			target = 48D9004B2073EE70008F5CE1 /* Reach */;
			targetProxy = 48D900612073EE71008F5CE1 /* PBXContainerItemProxy */;
		};
		48D9006D2073EE71008F5CE1 /* PBXTargetDependency */ = {
			isa = PBXTargetDependency;
			target = 48D9004B2073EE70008F5CE1 /* Reach */;
			targetProxy = 48D9006C2073EE71008F5CE1 /* PBXContainerItemProxy */;
		};
/* End PBXTargetDependency section */

/* Begin PBXVariantGroup section */
		48D900532073EE70008F5CE1 /* Main.storyboard */ = {
			isa = PBXVariantGroup;
			children = (
				48D900542073EE70008F5CE1 /* Base */,
			);
			name = Main.storyboard;
			sourceTree = "<group>";
		};
		48D900582073EE70008F5CE1 /* LaunchScreen.storyboard */ = {
			isa = PBXVariantGroup;
			children = (
				48D900592073EE70008F5CE1 /* Base */,
			);
			name = LaunchScreen.storyboard;
			sourceTree = "<group>";
		};
/* End PBXVariantGroup section */

/* Begin XCBuildConfiguration section */
		48D900722073EE71008F5CE1 /* Debug */ = {
			isa = XCBuildConfiguration;
			buildSettings = {
				ALWAYS_SEARCH_USER_PATHS = NO;
				CLANG_ANALYZER_NONNULL = YES;
				CLANG_ANALYZER_NUMBER_OBJECT_CONVERSION = YES_AGGRESSIVE;
				CLANG_CXX_LANGUAGE_STANDARD = "gnu++14";
				CLANG_CXX_LIBRARY = "libc++";
				CLANG_ENABLE_MODULES = YES;
				CLANG_ENABLE_OBJC_ARC = YES;
				CLANG_WARN_BLOCK_CAPTURE_AUTORELEASING = YES;
				CLANG_WARN_BOOL_CONVERSION = YES;
				CLANG_WARN_COMMA = YES;
				CLANG_WARN_CONSTANT_CONVERSION = YES;
				CLANG_WARN_DEPRECATED_OBJC_IMPLEMENTATIONS = YES;
				CLANG_WARN_DIRECT_OBJC_ISA_USAGE = YES_ERROR;
				CLANG_WARN_DOCUMENTATION_COMMENTS = YES;
				CLANG_WARN_EMPTY_BODY = YES;
				CLANG_WARN_ENUM_CONVERSION = YES;
				CLANG_WARN_INFINITE_RECURSION = YES;
				CLANG_WARN_INT_CONVERSION = YES;
				CLANG_WARN_NON_LITERAL_NULL_CONVERSION = YES;
				CLANG_WARN_OBJC_IMPLICIT_RETAIN_SELF = YES;
				CLANG_WARN_OBJC_LITERAL_CONVERSION = YES;
				CLANG_WARN_OBJC_ROOT_CLASS = YES_ERROR;
				CLANG_WARN_RANGE_LOOP_ANALYSIS = YES;
				CLANG_WARN_STRICT_PROTOTYPES = YES;
				CLANG_WARN_SUSPICIOUS_MOVE = YES;
				CLANG_WARN_UNGUARDED_AVAILABILITY = YES_AGGRESSIVE;
				CLANG_WARN_UNREACHABLE_CODE = YES;
				CLANG_WARN__DUPLICATE_METHOD_MATCH = YES;
				CODE_SIGN_IDENTITY = "iPhone Developer";
				COPY_PHASE_STRIP = NO;
				DEBUG_INFORMATION_FORMAT = dwarf;
				ENABLE_STRICT_OBJC_MSGSEND = YES;
				ENABLE_TESTABILITY = YES;
				GCC_C_LANGUAGE_STANDARD = gnu11;
				GCC_DYNAMIC_NO_PIC = NO;
				GCC_NO_COMMON_BLOCKS = YES;
				GCC_OPTIMIZATION_LEVEL = 0;
				GCC_PREPROCESSOR_DEFINITIONS = (
					"DEBUG=1",
					"$(inherited)",
				);
				GCC_WARN_64_TO_32_BIT_CONVERSION = YES;
				GCC_WARN_ABOUT_RETURN_TYPE = YES_ERROR;
				GCC_WARN_UNDECLARED_SELECTOR = YES;
				GCC_WARN_UNINITIALIZED_AUTOS = YES_AGGRESSIVE;
				GCC_WARN_UNUSED_FUNCTION = YES;
				GCC_WARN_UNUSED_VARIABLE = YES;
				IPHONEOS_DEPLOYMENT_TARGET = 11.3;
				MTL_ENABLE_DEBUG_INFO = YES;
				ONLY_ACTIVE_ARCH = YES;
				SDKROOT = iphoneos;
				SWIFT_ACTIVE_COMPILATION_CONDITIONS = DEBUG;
				SWIFT_OPTIMIZATION_LEVEL = "-Onone";
			};
			name = Debug;
		};
		48D900732073EE71008F5CE1 /* Release */ = {
			isa = XCBuildConfiguration;
			buildSettings = {
				ALWAYS_SEARCH_USER_PATHS = NO;
				CLANG_ANALYZER_NONNULL = YES;
				CLANG_ANALYZER_NUMBER_OBJECT_CONVERSION = YES_AGGRESSIVE;
				CLANG_CXX_LANGUAGE_STANDARD = "gnu++14";
				CLANG_CXX_LIBRARY = "libc++";
				CLANG_ENABLE_MODULES = YES;
				CLANG_ENABLE_OBJC_ARC = YES;
				CLANG_WARN_BLOCK_CAPTURE_AUTORELEASING = YES;
				CLANG_WARN_BOOL_CONVERSION = YES;
				CLANG_WARN_COMMA = YES;
				CLANG_WARN_CONSTANT_CONVERSION = YES;
				CLANG_WARN_DEPRECATED_OBJC_IMPLEMENTATIONS = YES;
				CLANG_WARN_DIRECT_OBJC_ISA_USAGE = YES_ERROR;
				CLANG_WARN_DOCUMENTATION_COMMENTS = YES;
				CLANG_WARN_EMPTY_BODY = YES;
				CLANG_WARN_ENUM_CONVERSION = YES;
				CLANG_WARN_INFINITE_RECURSION = YES;
				CLANG_WARN_INT_CONVERSION = YES;
				CLANG_WARN_NON_LITERAL_NULL_CONVERSION = YES;
				CLANG_WARN_OBJC_IMPLICIT_RETAIN_SELF = YES;
				CLANG_WARN_OBJC_LITERAL_CONVERSION = YES;
				CLANG_WARN_OBJC_ROOT_CLASS = YES_ERROR;
				CLANG_WARN_RANGE_LOOP_ANALYSIS = YES;
				CLANG_WARN_STRICT_PROTOTYPES = YES;
				CLANG_WARN_SUSPICIOUS_MOVE = YES;
				CLANG_WARN_UNGUARDED_AVAILABILITY = YES_AGGRESSIVE;
				CLANG_WARN_UNREACHABLE_CODE = YES;
				CLANG_WARN__DUPLICATE_METHOD_MATCH = YES;
				CODE_SIGN_IDENTITY = "iPhone Developer";
				COPY_PHASE_STRIP = NO;
				DEBUG_INFORMATION_FORMAT = "dwarf-with-dsym";
				ENABLE_NS_ASSERTIONS = NO;
				ENABLE_STRICT_OBJC_MSGSEND = YES;
				GCC_C_LANGUAGE_STANDARD = gnu11;
				GCC_NO_COMMON_BLOCKS = YES;
				GCC_WARN_64_TO_32_BIT_CONVERSION = YES;
				GCC_WARN_ABOUT_RETURN_TYPE = YES_ERROR;
				GCC_WARN_UNDECLARED_SELECTOR = YES;
				GCC_WARN_UNINITIALIZED_AUTOS = YES_AGGRESSIVE;
				GCC_WARN_UNUSED_FUNCTION = YES;
				GCC_WARN_UNUSED_VARIABLE = YES;
				IPHONEOS_DEPLOYMENT_TARGET = 11.3;
				MTL_ENABLE_DEBUG_INFO = NO;
				SDKROOT = iphoneos;
				SWIFT_OPTIMIZATION_LEVEL = "-Owholemodule";
				VALIDATE_PRODUCT = YES;
			};
			name = Release;
		};
		48D900752073EE71008F5CE1 /* Debug */ = {
			isa = XCBuildConfiguration;
			buildSettings = {
				ASSETCATALOG_COMPILER_APPICON_NAME = AppIcon;
				ASSETCATALOG_COMPILER_LAUNCHIMAGE_NAME = LaunchImage;
				"CODE_SIGN_IDENTITY[sdk=iphoneos*]" = "iPhone Developer";
				CODE_SIGN_STYLE = Automatic;
				DEVELOPMENT_TEAM = AD2MZY3MHY;
				INFOPLIST_FILE = Reach/Info.plist;
				IPHONEOS_DEPLOYMENT_TARGET = 9.0;
				LD_RUNPATH_SEARCH_PATHS = "$(inherited) @executable_path/Frameworks";
				PRODUCT_BUNDLE_IDENTIFIER = academy.aster;
				PRODUCT_NAME = "$(TARGET_NAME)";
				PROVISIONING_PROFILE_SPECIFIER = "";
				SWIFT_VERSION = 4.0;
				TARGETED_DEVICE_FAMILY = 2;
			};
			name = Debug;
		};
		48D900762073EE71008F5CE1 /* Release */ = {
			isa = XCBuildConfiguration;
			buildSettings = {
				ASSETCATALOG_COMPILER_APPICON_NAME = AppIcon;
				ASSETCATALOG_COMPILER_LAUNCHIMAGE_NAME = LaunchImage;
				"CODE_SIGN_IDENTITY[sdk=iphoneos*]" = "iPhone Developer";
				CODE_SIGN_STYLE = Automatic;
				DEVELOPMENT_TEAM = AD2MZY3MHY;
				INFOPLIST_FILE = Reach/Info.plist;
				IPHONEOS_DEPLOYMENT_TARGET = 9.0;
				LD_RUNPATH_SEARCH_PATHS = "$(inherited) @executable_path/Frameworks";
				PRODUCT_BUNDLE_IDENTIFIER = academy.aster;
				PRODUCT_NAME = "$(TARGET_NAME)";
				PROVISIONING_PROFILE_SPECIFIER = "";
				SWIFT_VERSION = 4.0;
				TARGETED_DEVICE_FAMILY = 2;
			};
			name = Release;
		};
		48D900782073EE71008F5CE1 /* Debug */ = {
			isa = XCBuildConfiguration;
			buildSettings = {
				ALWAYS_EMBED_SWIFT_STANDARD_LIBRARIES = YES;
				BUNDLE_LOADER = "$(TEST_HOST)";
				CODE_SIGN_STYLE = Automatic;
				INFOPLIST_FILE = ReachTests/Info.plist;
				LD_RUNPATH_SEARCH_PATHS = "$(inherited) @executable_path/Frameworks @loader_path/Frameworks";
				PRODUCT_BUNDLE_IDENTIFIER = academy.ReachTests;
				PRODUCT_NAME = "$(TARGET_NAME)";
				SWIFT_VERSION = 4.0;
				TARGETED_DEVICE_FAMILY = "1,2";
				TEST_HOST = "$(BUILT_PRODUCTS_DIR)/Reach.app/Reach";
			};
			name = Debug;
		};
		48D900792073EE71008F5CE1 /* Release */ = {
			isa = XCBuildConfiguration;
			buildSettings = {
				ALWAYS_EMBED_SWIFT_STANDARD_LIBRARIES = YES;
				BUNDLE_LOADER = "$(TEST_HOST)";
				CODE_SIGN_STYLE = Automatic;
				INFOPLIST_FILE = ReachTests/Info.plist;
				LD_RUNPATH_SEARCH_PATHS = "$(inherited) @executable_path/Frameworks @loader_path/Frameworks";
				PRODUCT_BUNDLE_IDENTIFIER = academy.ReachTests;
				PRODUCT_NAME = "$(TARGET_NAME)";
				SWIFT_VERSION = 4.0;
				TARGETED_DEVICE_FAMILY = "1,2";
				TEST_HOST = "$(BUILT_PRODUCTS_DIR)/Reach.app/Reach";
			};
			name = Release;
		};
		48D9007B2073EE71008F5CE1 /* Debug */ = {
			isa = XCBuildConfiguration;
			buildSettings = {
				ALWAYS_EMBED_SWIFT_STANDARD_LIBRARIES = YES;
				CODE_SIGN_STYLE = Automatic;
				INFOPLIST_FILE = ReachUITests/Info.plist;
				LD_RUNPATH_SEARCH_PATHS = "$(inherited) @executable_path/Frameworks @loader_path/Frameworks";
				PRODUCT_BUNDLE_IDENTIFIER = academy.ReachUITests;
				PRODUCT_NAME = "$(TARGET_NAME)";
				SWIFT_VERSION = 4.0;
				TARGETED_DEVICE_FAMILY = "1,2";
				TEST_TARGET_NAME = Reach;
			};
			name = Debug;
		};
		48D9007C2073EE71008F5CE1 /* Release */ = {
			isa = XCBuildConfiguration;
			buildSettings = {
				ALWAYS_EMBED_SWIFT_STANDARD_LIBRARIES = YES;
				CODE_SIGN_STYLE = Automatic;
				INFOPLIST_FILE = ReachUITests/Info.plist;
				LD_RUNPATH_SEARCH_PATHS = "$(inherited) @executable_path/Frameworks @loader_path/Frameworks";
				PRODUCT_BUNDLE_IDENTIFIER = academy.ReachUITests;
				PRODUCT_NAME = "$(TARGET_NAME)";
				SWIFT_VERSION = 4.0;
				TARGETED_DEVICE_FAMILY = "1,2";
				TEST_TARGET_NAME = Reach;
			};
			name = Release;
		};
/* End XCBuildConfiguration section */

/* Begin XCConfigurationList section */
		48D900472073EE70008F5CE1 /* Build configuration list for PBXProject "Reach" */ = {
			isa = XCConfigurationList;
			buildConfigurations = (
				48D900722073EE71008F5CE1 /* Debug */,
				48D900732073EE71008F5CE1 /* Release */,
			);
			defaultConfigurationIsVisible = 0;
			defaultConfigurationName = Release;
		};
		48D900742073EE71008F5CE1 /* Build configuration list for PBXNativeTarget "Reach" */ = {
			isa = XCConfigurationList;
			buildConfigurations = (
				48D900752073EE71008F5CE1 /* Debug */,
				48D900762073EE71008F5CE1 /* Release */,
			);
			defaultConfigurationIsVisible = 0;
			defaultConfigurationName = Release;
		};
		48D900772073EE71008F5CE1 /* Build configuration list for PBXNativeTarget "ReachTests" */ = {
			isa = XCConfigurationList;
			buildConfigurations = (
				48D900782073EE71008F5CE1 /* Debug */,
				48D900792073EE71008F5CE1 /* Release */,
			);
			defaultConfigurationIsVisible = 0;
			defaultConfigurationName = Release;
		};
		48D9007A2073EE71008F5CE1 /* Build configuration list for PBXNativeTarget "ReachUITests" */ = {
			isa = XCConfigurationList;
			buildConfigurations = (
				48D9007B2073EE71008F5CE1 /* Debug */,
				48D9007C2073EE71008F5CE1 /* Release */,
			);
			defaultConfigurationIsVisible = 0;
			defaultConfigurationName = Release;
		};
/* End XCConfigurationList section */
	};
	rootObject = 48D900442073EE70008F5CE1 /* Project object */;
}
